// !$*UTF8*$!
{
	archiveVersion = 1;
	classes = {
	};
	objectVersion = 46;
	objects = {

/* Begin PBXBuildFile section */
		3AFBB6041CB4347D002AB93C /* AppDelegate.swift in Sources */ = {isa = PBXBuildFile; fileRef = 3AFBB6031CB4347D002AB93C /* AppDelegate.swift */; };
		3AFBB6061CB4347D002AB93C /* ViewController.swift in Sources */ = {isa = PBXBuildFile; fileRef = 3AFBB6051CB4347D002AB93C /* ViewController.swift */; };
		3AFBB6091CB4347D002AB93C /* Main.storyboard in Resources */ = {isa = PBXBuildFile; fileRef = 3AFBB6071CB4347D002AB93C /* Main.storyboard */; };
		3AFBB60B1CB4347D002AB93C /* Assets.xcassets in Resources */ = {isa = PBXBuildFile; fileRef = 3AFBB60A1CB4347D002AB93C /* Assets.xcassets */; };
		3AFBB60E1CB4347D002AB93C /* LaunchScreen.storyboard in Resources */ = {isa = PBXBuildFile; fileRef = 3AFBB60C1CB4347D002AB93C /* LaunchScreen.storyboard */; };
		3AFBB6191CB4347E002AB93C /* CarPaxerTests.swift in Sources */ = {isa = PBXBuildFile; fileRef = 3AFBB6181CB4347E002AB93C /* CarPaxerTests.swift */; };
		3AFBB6241CB4347E002AB93C /* CarPaxerUITests.swift in Sources */ = {isa = PBXBuildFile; fileRef = 3AFBB6231CB4347E002AB93C /* CarPaxerUITests.swift */; };
		3AFBB6321CB4355D002AB93C /* CarPaxerViewController.swift in Sources */ = {isa = PBXBuildFile; fileRef = 3AFBB6311CB4355D002AB93C /* CarPaxerViewController.swift */; };
		3AFBB6341CB439B0002AB93C /* DriverViewController.swift in Sources */ = {isa = PBXBuildFile; fileRef = 3AFBB6331CB439B0002AB93C /* DriverViewController.swift */; };
		3AFBB6361CB47332002AB93C /* UserInfo.swift in Sources */ = {isa = PBXBuildFile; fileRef = 3AFBB6351CB47332002AB93C /* UserInfo.swift */; };
		3AFBB6381CB4736E002AB93C /* CarInfo.swift in Sources */ = {isa = PBXBuildFile; fileRef = 3AFBB6371CB4736E002AB93C /* CarInfo.swift */; };
		63BCBF1B1CB445DE00A4CAD7 /* LobbyViewController.swift in Sources */ = {isa = PBXBuildFile; fileRef = 63BCBF1A1CB445DE00A4CAD7 /* LobbyViewController.swift */; };
/* End PBXBuildFile section */

/* Begin PBXContainerItemProxy section */
		3AFBB6151CB4347E002AB93C /* PBXContainerItemProxy */ = {
			isa = PBXContainerItemProxy;
			containerPortal = 3AFBB5F81CB4347D002AB93C /* Project object */;
			proxyType = 1;
			remoteGlobalIDString = 3AFBB5FF1CB4347D002AB93C;
			remoteInfo = CarPaxer;
		};
		3AFBB6201CB4347E002AB93C /* PBXContainerItemProxy */ = {
			isa = PBXContainerItemProxy;
			containerPortal = 3AFBB5F81CB4347D002AB93C /* Project object */;
			proxyType = 1;
			remoteGlobalIDString = 3AFBB5FF1CB4347D002AB93C;
			remoteInfo = CarPaxer;
		};
/* End PBXContainerItemProxy section */

/* Begin PBXFileReference section */
		3AFBB6001CB4347D002AB93C /* CarPaxer.app */ = {isa = PBXFileReference; explicitFileType = wrapper.application; includeInIndex = 0; path = CarPaxer.app; sourceTree = BUILT_PRODUCTS_DIR; };
		3AFBB6031CB4347D002AB93C /* AppDelegate.swift */ = {isa = PBXFileReference; lastKnownFileType = sourcecode.swift; path = AppDelegate.swift; sourceTree = "<group>"; };
		3AFBB6051CB4347D002AB93C /* ViewController.swift */ = {isa = PBXFileReference; lastKnownFileType = sourcecode.swift; path = ViewController.swift; sourceTree = "<group>"; };
		3AFBB6081CB4347D002AB93C /* Base */ = {isa = PBXFileReference; lastKnownFileType = file.storyboard; name = Base; path = Base.lproj/Main.storyboard; sourceTree = "<group>"; };
		3AFBB60A1CB4347D002AB93C /* Assets.xcassets */ = {isa = PBXFileReference; lastKnownFileType = folder.assetcatalog; path = Assets.xcassets; sourceTree = "<group>"; };
		3AFBB60D1CB4347D002AB93C /* Base */ = {isa = PBXFileReference; lastKnownFileType = file.storyboard; name = Base; path = Base.lproj/LaunchScreen.storyboard; sourceTree = "<group>"; };
		3AFBB60F1CB4347D002AB93C /* Info.plist */ = {isa = PBXFileReference; lastKnownFileType = text.plist.xml; path = Info.plist; sourceTree = "<group>"; };
		3AFBB6141CB4347E002AB93C /* CarPaxerTests.xctest */ = {isa = PBXFileReference; explicitFileType = wrapper.cfbundle; includeInIndex = 0; path = CarPaxerTests.xctest; sourceTree = BUILT_PRODUCTS_DIR; };
		3AFBB6181CB4347E002AB93C /* CarPaxerTests.swift */ = {isa = PBXFileReference; lastKnownFileType = sourcecode.swift; path = CarPaxerTests.swift; sourceTree = "<group>"; };
		3AFBB61A1CB4347E002AB93C /* Info.plist */ = {isa = PBXFileReference; lastKnownFileType = text.plist.xml; path = Info.plist; sourceTree = "<group>"; };
		3AFBB61F1CB4347E002AB93C /* CarPaxerUITests.xctest */ = {isa = PBXFileReference; explicitFileType = wrapper.cfbundle; includeInIndex = 0; path = CarPaxerUITests.xctest; sourceTree = BUILT_PRODUCTS_DIR; };
		3AFBB6231CB4347E002AB93C /* CarPaxerUITests.swift */ = {isa = PBXFileReference; lastKnownFileType = sourcecode.swift; path = CarPaxerUITests.swift; sourceTree = "<group>"; };
		3AFBB6251CB4347E002AB93C /* Info.plist */ = {isa = PBXFileReference; lastKnownFileType = text.plist.xml; path = Info.plist; sourceTree = "<group>"; };
		3AFBB6311CB4355D002AB93C /* CarPaxerViewController.swift */ = {isa = PBXFileReference; fileEncoding = 4; lastKnownFileType = sourcecode.swift; path = CarPaxerViewController.swift; sourceTree = "<group>"; };
		3AFBB6331CB439B0002AB93C /* DriverViewController.swift */ = {isa = PBXFileReference; fileEncoding = 4; lastKnownFileType = sourcecode.swift; path = DriverViewController.swift; sourceTree = "<group>"; };
		3AFBB6351CB47332002AB93C /* UserInfo.swift */ = {isa = PBXFileReference; fileEncoding = 4; lastKnownFileType = sourcecode.swift; path = UserInfo.swift; sourceTree = "<group>"; };
		3AFBB6371CB4736E002AB93C /* CarInfo.swift */ = {isa = PBXFileReference; fileEncoding = 4; lastKnownFileType = sourcecode.swift; path = CarInfo.swift; sourceTree = "<group>"; };
		63BCBF1A1CB445DE00A4CAD7 /* LobbyViewController.swift */ = {isa = PBXFileReference; fileEncoding = 4; lastKnownFileType = sourcecode.swift; name = LobbyViewController.swift; path = ../LobbyViewController.swift; sourceTree = "<group>"; };
/* End PBXFileReference section */

/* Begin PBXFrameworksBuildPhase section */
		3AFBB5FD1CB4347D002AB93C /* Frameworks */ = {
			isa = PBXFrameworksBuildPhase;
			buildActionMask = 2147483647;
			files = (
			);
			runOnlyForDeploymentPostprocessing = 0;
		};
		3AFBB6111CB4347E002AB93C /* Frameworks */ = {
			isa = PBXFrameworksBuildPhase;
			buildActionMask = 2147483647;
			files = (
			);
			runOnlyForDeploymentPostprocessing = 0;
		};
		3AFBB61C1CB4347E002AB93C /* Frameworks */ = {
			isa = PBXFrameworksBuildPhase;
			buildActionMask = 2147483647;
			files = (
			);
			runOnlyForDeploymentPostprocessing = 0;
		};
/* End PBXFrameworksBuildPhase section */

/* Begin PBXGroup section */
		3AFBB5F71CB4347D002AB93C = {
			isa = PBXGroup;
			children = (
				3AFBB6021CB4347D002AB93C /* CarPaxer */,
				3AFBB6171CB4347E002AB93C /* CarPaxerTests */,
				3AFBB6221CB4347E002AB93C /* CarPaxerUITests */,
				3AFBB6011CB4347D002AB93C /* Products */,
			);
			sourceTree = "<group>";
		};
		3AFBB6011CB4347D002AB93C /* Products */ = {
			isa = PBXGroup;
			children = (
				3AFBB6001CB4347D002AB93C /* CarPaxer.app */,
				3AFBB6141CB4347E002AB93C /* CarPaxerTests.xctest */,
				3AFBB61F1CB4347E002AB93C /* CarPaxerUITests.xctest */,
			);
			name = Products;
			sourceTree = "<group>";
		};
		3AFBB6021CB4347D002AB93C /* CarPaxer */ = {
			isa = PBXGroup;
			children = (
				3AFBB6071CB4347D002AB93C /* Main.storyboard */,
				3AFBB6351CB47332002AB93C /* UserInfo.swift */,
				3AFBB6371CB4736E002AB93C /* CarInfo.swift */,
				3AFBB6031CB4347D002AB93C /* AppDelegate.swift */,
				63BCBF1A1CB445DE00A4CAD7 /* LobbyViewController.swift */,
				3AFBB6051CB4347D002AB93C /* ViewController.swift */,
				3AFBB6331CB439B0002AB93C /* DriverViewController.swift */,
				3AFBB6311CB4355D002AB93C /* CarPaxerViewController.swift */,
				3AFBB60A1CB4347D002AB93C /* Assets.xcassets */,
				3AFBB60C1CB4347D002AB93C /* LaunchScreen.storyboard */,
				3AFBB60F1CB4347D002AB93C /* Info.plist */,
			);
			path = CarPaxer;
			sourceTree = "<group>";
		};
		3AFBB6171CB4347E002AB93C /* CarPaxerTests */ = {
			isa = PBXGroup;
			children = (
				3AFBB6181CB4347E002AB93C /* CarPaxerTests.swift */,
				3AFBB61A1CB4347E002AB93C /* Info.plist */,
			);
			path = CarPaxerTests;
			sourceTree = "<group>";
		};
		3AFBB6221CB4347E002AB93C /* CarPaxerUITests */ = {
			isa = PBXGroup;
			children = (
				3AFBB6231CB4347E002AB93C /* CarPaxerUITests.swift */,
				3AFBB6251CB4347E002AB93C /* Info.plist */,
			);
			path = CarPaxerUITests;
			sourceTree = "<group>";
		};
/* End PBXGroup section */

/* Begin PBXNativeTarget section */
		3AFBB5FF1CB4347D002AB93C /* CarPaxer */ = {
			isa = PBXNativeTarget;
			buildConfigurationList = 3AFBB6281CB4347E002AB93C /* Build configuration list for PBXNativeTarget "CarPaxer" */;
			buildPhases = (
				3AFBB5FC1CB4347D002AB93C /* Sources */,
				3AFBB5FD1CB4347D002AB93C /* Frameworks */,
				3AFBB5FE1CB4347D002AB93C /* Resources */,
			);
			buildRules = (
			);
			dependencies = (
			);
			name = CarPaxer;
			productName = CarPaxer;
			productReference = 3AFBB6001CB4347D002AB93C /* CarPaxer.app */;
			productType = "com.apple.product-type.application";
		};
		3AFBB6131CB4347E002AB93C /* CarPaxerTests */ = {
			isa = PBXNativeTarget;
			buildConfigurationList = 3AFBB62B1CB4347E002AB93C /* Build configuration list for PBXNativeTarget "CarPaxerTests" */;
			buildPhases = (
				3AFBB6101CB4347E002AB93C /* Sources */,
				3AFBB6111CB4347E002AB93C /* Frameworks */,
				3AFBB6121CB4347E002AB93C /* Resources */,
			);
			buildRules = (
			);
			dependencies = (
				3AFBB6161CB4347E002AB93C /* PBXTargetDependency */,
			);
			name = CarPaxerTests;
			productName = CarPaxerTests;
			productReference = 3AFBB6141CB4347E002AB93C /* CarPaxerTests.xctest */;
			productType = "com.apple.product-type.bundle.unit-test";
		};
		3AFBB61E1CB4347E002AB93C /* CarPaxerUITests */ = {
			isa = PBXNativeTarget;
			buildConfigurationList = 3AFBB62E1CB4347E002AB93C /* Build configuration list for PBXNativeTarget "CarPaxerUITests" */;
			buildPhases = (
				3AFBB61B1CB4347E002AB93C /* Sources */,
				3AFBB61C1CB4347E002AB93C /* Frameworks */,
				3AFBB61D1CB4347E002AB93C /* Resources */,
			);
			buildRules = (
			);
			dependencies = (
				3AFBB6211CB4347E002AB93C /* PBXTargetDependency */,
			);
			name = CarPaxerUITests;
			productName = CarPaxerUITests;
			productReference = 3AFBB61F1CB4347E002AB93C /* CarPaxerUITests.xctest */;
			productType = "com.apple.product-type.bundle.ui-testing";
		};
/* End PBXNativeTarget section */

/* Begin PBXProject section */
		3AFBB5F81CB4347D002AB93C /* Project object */ = {
			isa = PBXProject;
			attributes = {
				LastSwiftUpdateCheck = 0730;
				LastUpgradeCheck = 0730;
				ORGANIZATIONNAME = "PonyCorp Inc.";
				TargetAttributes = {
					3AFBB5FF1CB4347D002AB93C = {
						CreatedOnToolsVersion = 7.3;
					};
					3AFBB6131CB4347E002AB93C = {
						CreatedOnToolsVersion = 7.3;
						TestTargetID = 3AFBB5FF1CB4347D002AB93C;
					};
					3AFBB61E1CB4347E002AB93C = {
						CreatedOnToolsVersion = 7.3;
						TestTargetID = 3AFBB5FF1CB4347D002AB93C;
					};
				};
			};
			buildConfigurationList = 3AFBB5FB1CB4347D002AB93C /* Build configuration list for PBXProject "CarPaxer" */;
			compatibilityVersion = "Xcode 3.2";
			developmentRegion = English;
			hasScannedForEncodings = 0;
			knownRegions = (
				en,
				Base,
			);
			mainGroup = 3AFBB5F71CB4347D002AB93C;
			productRefGroup = 3AFBB6011CB4347D002AB93C /* Products */;
			projectDirPath = "";
			projectRoot = "";
			targets = (
				3AFBB5FF1CB4347D002AB93C /* CarPaxer */,
				3AFBB6131CB4347E002AB93C /* CarPaxerTests */,
				3AFBB61E1CB4347E002AB93C /* CarPaxerUITests */,
			);
		};
/* End PBXProject section */

/* Begin PBXResourcesBuildPhase section */
		3AFBB5FE1CB4347D002AB93C /* Resources */ = {
			isa = PBXResourcesBuildPhase;
			buildActionMask = 2147483647;
			files = (
				3AFBB60E1CB4347D002AB93C /* LaunchScreen.storyboard in Resources */,
				3AFBB60B1CB4347D002AB93C /* Assets.xcassets in Resources */,
				3AFBB6091CB4347D002AB93C /* Main.storyboard in Resources */,
			);
			runOnlyForDeploymentPostprocessing = 0;
		};
		3AFBB6121CB4347E002AB93C /* Resources */ = {
			isa = PBXResourcesBuildPhase;
			buildActionMask = 2147483647;
			files = (
			);
			runOnlyForDeploymentPostprocessing = 0;
		};
		3AFBB61D1CB4347E002AB93C /* Resources */ = {
			isa = PBXResourcesBuildPhase;
			buildActionMask = 2147483647;
			files = (
			);
			runOnlyForDeploymentPostprocessing = 0;
		};
/* End PBXResourcesBuildPhase section */

/* Begin PBXSourcesBuildPhase section */
		3AFBB5FC1CB4347D002AB93C /* Sources */ = {
			isa = PBXSourcesBuildPhase;
			buildActionMask = 2147483647;
			files = (
				3AFBB6341CB439B0002AB93C /* DriverViewController.swift in Sources */,
				3AFBB6381CB4736E002AB93C /* CarInfo.swift in Sources */,
				63BCBF1B1CB445DE00A4CAD7 /* LobbyViewController.swift in Sources */,
				3AFBB6061CB4347D002AB93C /* ViewController.swift in Sources */,
				3AFBB6041CB4347D002AB93C /* AppDelegate.swift in Sources */,
				3AFBB6361CB47332002AB93C /* UserInfo.swift in Sources */,
				3AFBB6321CB4355D002AB93C /* CarPaxerViewController.swift in Sources */,
			);
			runOnlyForDeploymentPostprocessing = 0;
		};
		3AFBB6101CB4347E002AB93C /* Sources */ = {
			isa = PBXSourcesBuildPhase;
			buildActionMask = 2147483647;
			files = (
				3AFBB6191CB4347E002AB93C /* CarPaxerTests.swift in Sources */,
			);
			runOnlyForDeploymentPostprocessing = 0;
		};
		3AFBB61B1CB4347E002AB93C /* Sources */ = {
			isa = PBXSourcesBuildPhase;
			buildActionMask = 2147483647;
			files = (
				3AFBB6241CB4347E002AB93C /* CarPaxerUITests.swift in Sources */,
			);
			runOnlyForDeploymentPostprocessing = 0;
		};
/* End PBXSourcesBuildPhase section */

/* Begin PBXTargetDependency section */
		3AFBB6161CB4347E002AB93C /* PBXTargetDependency */ = {
			isa = PBXTargetDependency;
			target = 3AFBB5FF1CB4347D002AB93C /* CarPaxer */;
			targetProxy = 3AFBB6151CB4347E002AB93C /* PBXContainerItemProxy */;
		};
		3AFBB6211CB4347E002AB93C /* PBXTargetDependency */ = {
			isa = PBXTargetDependency;
			target = 3AFBB5FF1CB4347D002AB93C /* CarPaxer */;
			targetProxy = 3AFBB6201CB4347E002AB93C /* PBXContainerItemProxy */;
		};
/* End PBXTargetDependency section */

/* Begin PBXVariantGroup section */
		3AFBB6071CB4347D002AB93C /* Main.storyboard */ = {
			isa = PBXVariantGroup;
			children = (
				3AFBB6081CB4347D002AB93C /* Base */,
			);
			name = Main.storyboard;
			sourceTree = "<group>";
		};
		3AFBB60C1CB4347D002AB93C /* LaunchScreen.storyboard */ = {
			isa = PBXVariantGroup;
			children = (
				3AFBB60D1CB4347D002AB93C /* Base */,
			);
			name = LaunchScreen.storyboard;
			sourceTree = "<group>";
		};
/* End PBXVariantGroup section */

/* Begin XCBuildConfiguration section */
		3AFBB6261CB4347E002AB93C /* Debug */ = {
			isa = XCBuildConfiguration;
			buildSettings = {
				ALWAYS_SEARCH_USER_PATHS = NO;
				CLANG_ANALYZER_NONNULL = YES;
				CLANG_CXX_LANGUAGE_STANDARD = "gnu++0x";
				CLANG_CXX_LIBRARY = "libc++";
				CLANG_ENABLE_MODULES = YES;
				CLANG_ENABLE_OBJC_ARC = YES;
				CLANG_WARN_BOOL_CONVERSION = YES;
				CLANG_WARN_CONSTANT_CONVERSION = YES;
				CLANG_WARN_DIRECT_OBJC_ISA_USAGE = YES_ERROR;
				CLANG_WARN_EMPTY_BODY = YES;
				CLANG_WARN_ENUM_CONVERSION = YES;
				CLANG_WARN_INT_CONVERSION = YES;
				CLANG_WARN_OBJC_ROOT_CLASS = YES_ERROR;
				CLANG_WARN_UNREACHABLE_CODE = YES;
				CLANG_WARN__DUPLICATE_METHOD_MATCH = YES;
				"CODE_SIGN_IDENTITY[sdk=iphoneos*]" = "iPhone Developer";
				COPY_PHASE_STRIP = NO;
				DEBUG_INFORMATION_FORMAT = dwarf;
				ENABLE_STRICT_OBJC_MSGSEND = YES;
				ENABLE_TESTABILITY = YES;
				GCC_C_LANGUAGE_STANDARD = gnu99;
				GCC_DYNAMIC_NO_PIC = NO;
				GCC_NO_COMMON_BLOCKS = YES;
				GCC_OPTIMIZATION_LEVEL = 0;
				GCC_PREPROCESSOR_DEFINITIONS = (
					"DEBUG=1",
					"$(inherited)",
				);
				GCC_WARN_64_TO_32_BIT_CONVERSION = YES;
				GCC_WARN_ABOUT_RETURN_TYPE = YES_ERROR;
				GCC_WARN_UNDECLARED_SELECTOR = YES;
				GCC_WARN_UNINITIALIZED_AUTOS = YES_AGGRESSIVE;
				GCC_WARN_UNUSED_FUNCTION = YES;
				GCC_WARN_UNUSED_VARIABLE = YES;
				IPHONEOS_DEPLOYMENT_TARGET = 9.3;
				MTL_ENABLE_DEBUG_INFO = YES;
				ONLY_ACTIVE_ARCH = YES;
				SDKROOT = iphoneos;
				SWIFT_OPTIMIZATION_LEVEL = "-Onone";
			};
			name = Debug;
		};
		3AFBB6271CB4347E002AB93C /* Release */ = {
			isa = XCBuildConfiguration;
			buildSettings = {
				ALWAYS_SEARCH_USER_PATHS = NO;
				CLANG_ANALYZER_NONNULL = YES;
				CLANG_CXX_LANGUAGE_STANDARD = "gnu++0x";
				CLANG_CXX_LIBRARY = "libc++";
				CLANG_ENABLE_MODULES = YES;
				CLANG_ENABLE_OBJC_ARC = YES;
				CLANG_WARN_BOOL_CONVERSION = YES;
				CLANG_WARN_CONSTANT_CONVERSION = YES;
				CLANG_WARN_DIRECT_OBJC_ISA_USAGE = YES_ERROR;
				CLANG_WARN_EMPTY_BODY = YES;
				CLANG_WARN_ENUM_CONVERSION = YES;
				CLANG_WARN_INT_CONVERSION = YES;
				CLANG_WARN_OBJC_ROOT_CLASS = YES_ERROR;
				CLANG_WARN_UNREACHABLE_CODE = YES;
				CLANG_WARN__DUPLICATE_METHOD_MATCH = YES;
				"CODE_SIGN_IDENTITY[sdk=iphoneos*]" = "iPhone Developer";
				COPY_PHASE_STRIP = NO;
				DEBUG_INFORMATION_FORMAT = "dwarf-with-dsym";
				ENABLE_NS_ASSERTIONS = NO;
				ENABLE_STRICT_OBJC_MSGSEND = YES;
				GCC_C_LANGUAGE_STANDARD = gnu99;
				GCC_NO_COMMON_BLOCKS = YES;
				GCC_WARN_64_TO_32_BIT_CONVERSION = YES;
				GCC_WARN_ABOUT_RETURN_TYPE = YES_ERROR;
				GCC_WARN_UNDECLARED_SELECTOR = YES;
				GCC_WARN_UNINITIALIZED_AUTOS = YES_AGGRESSIVE;
				GCC_WARN_UNUSED_FUNCTION = YES;
				GCC_WARN_UNUSED_VARIABLE = YES;
				IPHONEOS_DEPLOYMENT_TARGET = 9.3;
				MTL_ENABLE_DEBUG_INFO = NO;
				SDKROOT = iphoneos;
				VALIDATE_PRODUCT = YES;
			};
			name = Release;
		};
		3AFBB6291CB4347E002AB93C /* Debug */ = {
			isa = XCBuildConfiguration;
			buildSettings = {
				ASSETCATALOG_COMPILER_APPICON_NAME = AppIcon;
				INFOPLIST_FILE = CarPaxer/Info.plist;
				LD_RUNPATH_SEARCH_PATHS = "$(inherited) @executable_path/Frameworks";
				PRODUCT_BUNDLE_IDENTIFIER = PonyCorp.CarPaxer;
				PRODUCT_NAME = "$(TARGET_NAME)";
			};
			name = Debug;
		};
		3AFBB62A1CB4347E002AB93C /* Release */ = {
			isa = XCBuildConfiguration;
			buildSettings = {
				ASSETCATALOG_COMPILER_APPICON_NAME = AppIcon;
				INFOPLIST_FILE = CarPaxer/Info.plist;
				LD_RUNPATH_SEARCH_PATHS = "$(inherited) @executable_path/Frameworks";
				PRODUCT_BUNDLE_IDENTIFIER = PonyCorp.CarPaxer;
				PRODUCT_NAME = "$(TARGET_NAME)";
			};
			name = Release;
		};
		3AFBB62C1CB4347E002AB93C /* Debug */ = {
			isa = XCBuildConfiguration;
			buildSettings = {
				BUNDLE_LOADER = "$(TEST_HOST)";
				INFOPLIST_FILE = CarPaxerTests/Info.plist;
				LD_RUNPATH_SEARCH_PATHS = "$(inherited) @executable_path/Frameworks @loader_path/Frameworks";
				PRODUCT_BUNDLE_IDENTIFIER = PonyCorp.CarPaxerTests;
				PRODUCT_NAME = "$(TARGET_NAME)";
				TEST_HOST = "$(BUILT_PRODUCTS_DIR)/CarPaxer.app/CarPaxer";
			};
			name = Debug;
		};
		3AFBB62D1CB4347E002AB93C /* Release */ = {
			isa = XCBuildConfiguration;
			buildSettings = {
				BUNDLE_LOADER = "$(TEST_HOST)";
				INFOPLIST_FILE = CarPaxerTests/Info.plist;
				LD_RUNPATH_SEARCH_PATHS = "$(inherited) @executable_path/Frameworks @loader_path/Frameworks";
				PRODUCT_BUNDLE_IDENTIFIER = PonyCorp.CarPaxerTests;
				PRODUCT_NAME = "$(TARGET_NAME)";
				TEST_HOST = "$(BUILT_PRODUCTS_DIR)/CarPaxer.app/CarPaxer";
			};
			name = Release;
		};
		3AFBB62F1CB4347E002AB93C /* Debug */ = {
			isa = XCBuildConfiguration;
			buildSettings = {
				INFOPLIST_FILE = CarPaxerUITests/Info.plist;
				LD_RUNPATH_SEARCH_PATHS = "$(inherited) @executable_path/Frameworks @loader_path/Frameworks";
				PRODUCT_BUNDLE_IDENTIFIER = PonyCorp.CarPaxerUITests;
				PRODUCT_NAME = "$(TARGET_NAME)";
				TEST_TARGET_NAME = CarPaxer;
			};
			name = Debug;
		};
		3AFBB6301CB4347E002AB93C /* Release */ = {
			isa = XCBuildConfiguration;
			buildSettings = {
				INFOPLIST_FILE = CarPaxerUITests/Info.plist;
				LD_RUNPATH_SEARCH_PATHS = "$(inherited) @executable_path/Frameworks @loader_path/Frameworks";
				PRODUCT_BUNDLE_IDENTIFIER = PonyCorp.CarPaxerUITests;
				PRODUCT_NAME = "$(TARGET_NAME)";
				TEST_TARGET_NAME = CarPaxer;
			};
			name = Release;
		};
/* End XCBuildConfiguration section */

/* Begin XCConfigurationList section */
		3AFBB5FB1CB4347D002AB93C /* Build configuration list for PBXProject "CarPaxer" */ = {
			isa = XCConfigurationList;
			buildConfigurations = (
				3AFBB6261CB4347E002AB93C /* Debug */,
				3AFBB6271CB4347E002AB93C /* Release */,
			);
			defaultConfigurationIsVisible = 0;
			defaultConfigurationName = Release;
		};
		3AFBB6281CB4347E002AB93C /* Build configuration list for PBXNativeTarget "CarPaxer" */ = {
			isa = XCConfigurationList;
			buildConfigurations = (
				3AFBB6291CB4347E002AB93C /* Debug */,
				3AFBB62A1CB4347E002AB93C /* Release */,
			);
			defaultConfigurationIsVisible = 0;
			defaultConfigurationName = Release;
		};
		3AFBB62B1CB4347E002AB93C /* Build configuration list for PBXNativeTarget "CarPaxerTests" */ = {
			isa = XCConfigurationList;
			buildConfigurations = (
				3AFBB62C1CB4347E002AB93C /* Debug */,
				3AFBB62D1CB4347E002AB93C /* Release */,
			);
			defaultConfigurationIsVisible = 0;
			defaultConfigurationName = Release;
		};
		3AFBB62E1CB4347E002AB93C /* Build configuration list for PBXNativeTarget "CarPaxerUITests" */ = {
			isa = XCConfigurationList;
			buildConfigurations = (
				3AFBB62F1CB4347E002AB93C /* Debug */,
				3AFBB6301CB4347E002AB93C /* Release */,
			);
			defaultConfigurationIsVisible = 0;
			defaultConfigurationName = Release;
		};
/* End XCConfigurationList section */
	};
	rootObject = 3AFBB5F81CB4347D002AB93C /* Project object */;
}
